{
  "name": "threeTest",
  "lockfileVersion": 3,
  "requires": true,
  "packages": {
    "": {
      "dependencies": {
        "gsap": "^3.11.5",
        "three": "^0.151.3"
      }
    },
    "node_modules/gsap": {
      "version": "3.11.5",
      "resolved": "https://registry.npmmirror.com/gsap/-/gsap-3.11.5.tgz",
      "integrity": "sha512-Q89nKCLgoX5xUjznh9LcaIUkz54k1voNucT1Rpf9SJNFIQznBwFqt5qUUQbeVInFyN/n18OUJkpeI6CNEDt74w=="
    },
    "node_modules/three": {
      "version": "0.151.3",
      "resolved": "https://registry.npmmirror.com/three/-/three-0.151.3.tgz",
      "integrity": "sha512-+vbuqxFy8kzLeO5MgpBHUvP/EAiecaDwDuOPPDe6SbrZr96kccF0ktLngXc7xA7bzyd3N0t2f6mw3Z9y6JCojQ=="
    }
  }
}
